
Microsoft Visual Studio Solution File, Format Version 12.00
# Visual Studio Version 17
VisualStudioVersion = 17.14.36221.1 d17.14
MinimumVisualStudioVersion = 10.0.40219.1
Project("{FAE04EC0-301F-11D3-BF4B-00C04F79EFBC}") = "GymManagementPL", "GymManagementPL\GymManagementPL.csproj", "{6CB57988-2173-4FDC-A9E7-F18E6F8D687E}"
EndProject
Project("{FAE04EC0-301F-11D3-BF4B-00C04F79EFBC}") = "GymManagementDAL", "GymManagementDAL\GymManagementDAL.csproj", "{C565C6F2-86AC-4C87-8D5E-E80D5205A4F0}"
EndProject
Project("{FAE04EC0-301F-11D3-BF4B-00C04F79EFBC}") = "GymManagementBLL", "GymManagementBLL\GymManagementBLL.csproj", "{16F53688-B4E4-4DB8-ABE2-E87DF572B0D7}"
EndProject
Global
	GlobalSection(SolutionConfigurationPlatforms) = preSolution
		Debug|Any CPU = Debug|Any CPU
		Release|Any CPU = Release|Any CPU
	EndGlobalSection
	GlobalSection(ProjectConfigurationPlatforms) = postSolution
		{6CB57988-2173-4FDC-A9E7-F18E6F8D687E}.Debug|Any CPU.ActiveCfg = Debug|Any CPU
		{6CB57988-2173-4FDC-A9E7-F18E6F8D687E}.Debug|Any CPU.Build.0 = Debug|Any CPU
		{6CB57988-2173-4FDC-A9E7-F18E6F8D687E}.Release|Any CPU.ActiveCfg = Release|Any CPU
		{6CB57988-2173-4FDC-A9E7-F18E6F8D687E}.Release|Any CPU.Build.0 = Release|Any CPU
		{C565C6F2-86AC-4C87-8D5E-E80D5205A4F0}.Debug|Any CPU.ActiveCfg = Debug|Any CPU
		{C565C6F2-86AC-4C87-8D5E-E80D5205A4F0}.Debug|Any CPU.Build.0 = Debug|Any CPU
		{C565C6F2-86AC-4C87-8D5E-E80D5205A4F0}.Release|Any CPU.ActiveCfg = Release|Any CPU
		{C565C6F2-86AC-4C87-8D5E-E80D5205A4F0}.Release|Any CPU.Build.0 = Release|Any CPU
		{16F53688-B4E4-4DB8-ABE2-E87DF572B0D7}.Debug|Any CPU.ActiveCfg = Debug|Any CPU
		{16F53688-B4E4-4DB8-ABE2-E87DF572B0D7}.Debug|Any CPU.Build.0 = Debug|Any CPU
		{16F53688-B4E4-4DB8-ABE2-E87DF572B0D7}.Release|Any CPU.ActiveCfg = Release|Any CPU
		{16F53688-B4E4-4DB8-ABE2-E87DF572B0D7}.Release|Any CPU.Build.0 = Release|Any CPU
	EndGlobalSection
	GlobalSection(SolutionProperties) = preSolution
		HideSolutionNode = FALSE
	EndGlobalSection
	GlobalSection(ExtensibilityGlobals) = postSolution
		SolutionGuid = {18C26151-9C04-41FC-9DF1-6E13638631AA}
	EndGlobalSection
EndGlobal
